
Microsoft Visual Studio Solution File, Format Version 12.00
# Visual Studio Version 17
VisualStudioVersion = 17.1.32228.430
MinimumVisualStudioVersion = 10.0.40219.1
Project("{9A19103F-16F7-4668-BE54-9A1E7A4F7556}") = "VendingMachine_SV", "VendingMachine_SV\VendingMachine_SV.csproj", "{4D370FC9-F93A-45C8-BD81-5F7704ACBBC9}"
EndProject
Project("{2150E333-8FDC-42A3-9474-1A3956D46DE8}") = "Solution Items", "Solution Items", "{7473378C-67F4-4CC5-9AB3-27FFF4503DDD}"
EndProject
Project("{9A19103F-16F7-4668-BE54-9A1E7A4F7556}") = "VendingMachineSVTests", "VendingMachineSVTests\VendingMachineSVTests.csproj", "{86298436-3322-4C50-9EDD-D2BAECC1A5FF}"
EndProject
Global
	GlobalSection(SolutionConfigurationPlatforms) = preSolution
		Debug|Any CPU = Debug|Any CPU
		Release|Any CPU = Release|Any CPU
	EndGlobalSection
	GlobalSection(ProjectConfigurationPlatforms) = postSolution
		{4D370FC9-F93A-45C8-BD81-5F7704ACBBC9}.Debug|Any CPU.ActiveCfg = Debug|Any CPU
		{4D370FC9-F93A-45C8-BD81-5F7704ACBBC9}.Debug|Any CPU.Build.0 = Debug|Any CPU
		{4D370FC9-F93A-45C8-BD81-5F7704ACBBC9}.Release|Any CPU.ActiveCfg = Release|Any CPU
		{4D370FC9-F93A-45C8-BD81-5F7704ACBBC9}.Release|Any CPU.Build.0 = Release|Any CPU
		{86298436-3322-4C50-9EDD-D2BAECC1A5FF}.Debug|Any CPU.ActiveCfg = Debug|Any CPU
		{86298436-3322-4C50-9EDD-D2BAECC1A5FF}.Debug|Any CPU.Build.0 = Debug|Any CPU
		{86298436-3322-4C50-9EDD-D2BAECC1A5FF}.Release|Any CPU.ActiveCfg = Release|Any CPU
		{86298436-3322-4C50-9EDD-D2BAECC1A5FF}.Release|Any CPU.Build.0 = Release|Any CPU
	EndGlobalSection
	GlobalSection(SolutionProperties) = preSolution
		HideSolutionNode = FALSE
	EndGlobalSection
	GlobalSection(ExtensibilityGlobals) = postSolution
		SolutionGuid = {8EBE73D7-397A-4973-8834-C21CECEA2789}
	EndGlobalSection
EndGlobal
